
Microsoft Visual Studio Solution File, Format Version 12.00
# Visual Studio 15
VisualStudioVersion = 15.0.28010.2036
MinimumVisualStudioVersion = 10.0.40219.1
Project("{FAE04EC0-301F-11D3-BF4B-00C04F79EFBC}") = "DMACC.CIS174.Web", "DMACC.CIS174\DMACC.CIS174.Web.csproj", "{5CB27E00-C112-43C3-A133-9E30C72D69D8}"
EndProject
Project("{FAE04EC0-301F-11D3-BF4B-00C04F79EFBC}") = "DMACC.CIS174.Domain", "DMACC.CIS174.Domain\DMACC.CIS174.Domain.csproj", "{4620A78C-4371-40A5-81B5-E22B3670C067}"
EndProject
Project("{FAE04EC0-301F-11D3-BF4B-00C04F79EFBC}") = "DMACC.CIS174.Api", "DMACC.CIS174.Api\DMACC.CIS174.Api.csproj", "{BA0C60C8-BD72-4D99-A4AD-C007487D2C75}"
EndProject
Global
	GlobalSection(SolutionConfigurationPlatforms) = preSolution
		Debug|Any CPU = Debug|Any CPU
		Release|Any CPU = Release|Any CPU
	EndGlobalSection
	GlobalSection(ProjectConfigurationPlatforms) = postSolution
		{5CB27E00-C112-43C3-A133-9E30C72D69D8}.Debug|Any CPU.ActiveCfg = Debug|Any CPU
		{5CB27E00-C112-43C3-A133-9E30C72D69D8}.Debug|Any CPU.Build.0 = Debug|Any CPU
		{5CB27E00-C112-43C3-A133-9E30C72D69D8}.Release|Any CPU.ActiveCfg = Release|Any CPU
		{5CB27E00-C112-43C3-A133-9E30C72D69D8}.Release|Any CPU.Build.0 = Release|Any CPU
		{4620A78C-4371-40A5-81B5-E22B3670C067}.Debug|Any CPU.ActiveCfg = Debug|Any CPU
		{4620A78C-4371-40A5-81B5-E22B3670C067}.Debug|Any CPU.Build.0 = Debug|Any CPU
		{4620A78C-4371-40A5-81B5-E22B3670C067}.Release|Any CPU.ActiveCfg = Release|Any CPU
		{4620A78C-4371-40A5-81B5-E22B3670C067}.Release|Any CPU.Build.0 = Release|Any CPU
		{BA0C60C8-BD72-4D99-A4AD-C007487D2C75}.Debug|Any CPU.ActiveCfg = Debug|Any CPU
		{BA0C60C8-BD72-4D99-A4AD-C007487D2C75}.Debug|Any CPU.Build.0 = Debug|Any CPU
		{BA0C60C8-BD72-4D99-A4AD-C007487D2C75}.Release|Any CPU.ActiveCfg = Release|Any CPU
		{BA0C60C8-BD72-4D99-A4AD-C007487D2C75}.Release|Any CPU.Build.0 = Release|Any CPU
	EndGlobalSection
	GlobalSection(SolutionProperties) = preSolution
		HideSolutionNode = FALSE
	EndGlobalSection
	GlobalSection(ExtensibilityGlobals) = postSolution
		SolutionGuid = {E2F2FDC6-BF28-454B-A547-7AC991E3D396}
	EndGlobalSection
EndGlobal
